github.com/kopoli/go-terminal-size v0.0.0-20170219200355-5c97524c8b54 h1:0SMHxjkLKNawqUjjnMlCtEdj6uWZjv0+qDZ3F6GOADI=
github.com/kopoli/go-terminal-size v0.0.0-20170219200355-5c97524c8b54/go.mod h1:bm7MVZZvHQBfqHG5X59jrRE/3ak6HvK+/Zb6aZhLR2s=
github.com/mark-summerfield/set v1.0.0 h1:VgoB7pO4+4VIH4MfOVSWKEzMGIRNjRvkYn5ZsdDfjEo=
github.com/mark-summerfield/set v1.0.0/go.mod h1:L1xP+pyZc1erPehfwMYvVCZafIjZx3Vj4wyTOABWZ+A=
github.com/mark-summerfield/uterm v0.0.0-20250527071918-31945da2afaa h1:jbjm5T43VWlDdhjQqcXqPCr7O1TFl7euwoupkSJcpis=
github.com/mark-summerfield/uterm v0.0.0-20250527071918-31945da2afaa/go.mod h1:Xwu7mveVw0NqprGERrb4BofNi7ekADfmDNhU1p41LvM=
github.com/mattn/go-isatty v0.0.20 h1:xfD0iDuEKnDkl03q4limB+vH+GxLEtL/jb4xVJSWWEY=
github.com/mattn/go-isatty v0.0.20/go.mod h1:W+V8PltTTMOvKvAeJH7IuucS94S2C6jfK/D7dTCTo3Y=
golang.org/x/sys v0.6.0/go.mod h1:oPkhp1MJrh7nUepCBck5+mAzfO9JrbApNNgaTdGDITg=
golang.org/x/sys v0.33.0 h1:q3i8TbbEz+JRD9ywIRlyRAQbM0qF7hu24q3teo2hbuw=
golang.org/x/sys v0.33.0/go.mod h1:BJP2sWEmIv4KK5OTEluFJCKSidICx8ciO85XgH3Ak8k=
